
Microsoft Visual Studio Solution File, Format Version 12.00
# Visual Studio Version 17
VisualStudioVersion = 17.9.34728.123
MinimumVisualStudioVersion = 10.0.40219.1
Project("{9A19103F-16F7-4668-BE54-9A1E7A4F7556}") = "LibraryManagement.Domain", "back-end\src\LibraryManagement.Domain\LibraryManagement.Domain.csproj", "{DA3D52B5-83B3-43DD-AEDF-E06FCAC23CAA}"
EndProject
Project("{9A19103F-16F7-4668-BE54-9A1E7A4F7556}") = "LibraryManagement.Application", "back-end\src\LibraryManagement.Application\LibraryManagement.Application.csproj", "{B891F144-D284-407D-B781-24CB1677EE1A}"
EndProject
Project("{9A19103F-16F7-4668-BE54-9A1E7A4F7556}") = "LibraryManagement.Infrastructure", "back-end\src\LibraryManagement.Infrastructure\LibraryManagement.Infrastructure.csproj", "{6BA5EFBA-0ECD-4251-87B3-F844C7B80068}"
EndProject
Project("{9A19103F-16F7-4668-BE54-9A1E7A4F7556}") = "LibraryManagement.WebApi", "back-end\src\LibraryManagement.WebApi\LibraryManagement.WebApi.csproj", "{317991FE-BDAD-4AED-B1A3-CADA44BA36F0}"
EndProject
Global
	GlobalSection(SolutionConfigurationPlatforms) = preSolution
		Debug|Any CPU = Debug|Any CPU
		Release|Any CPU = Release|Any CPU
	EndGlobalSection
	GlobalSection(ProjectConfigurationPlatforms) = postSolution
		{DA3D52B5-83B3-43DD-AEDF-E06FCAC23CAA}.Debug|Any CPU.ActiveCfg = Debug|Any CPU
		{DA3D52B5-83B3-43DD-AEDF-E06FCAC23CAA}.Debug|Any CPU.Build.0 = Debug|Any CPU
		{DA3D52B5-83B3-43DD-AEDF-E06FCAC23CAA}.Release|Any CPU.ActiveCfg = Release|Any CPU
		{DA3D52B5-83B3-43DD-AEDF-E06FCAC23CAA}.Release|Any CPU.Build.0 = Release|Any CPU
		{B891F144-D284-407D-B781-24CB1677EE1A}.Debug|Any CPU.ActiveCfg = Debug|Any CPU
		{B891F144-D284-407D-B781-24CB1677EE1A}.Debug|Any CPU.Build.0 = Debug|Any CPU
		{B891F144-D284-407D-B781-24CB1677EE1A}.Release|Any CPU.ActiveCfg = Release|Any CPU
		{B891F144-D284-407D-B781-24CB1677EE1A}.Release|Any CPU.Build.0 = Release|Any CPU
		{6BA5EFBA-0ECD-4251-87B3-F844C7B80068}.Debug|Any CPU.ActiveCfg = Debug|Any CPU
		{6BA5EFBA-0ECD-4251-87B3-F844C7B80068}.Debug|Any CPU.Build.0 = Debug|Any CPU
		{6BA5EFBA-0ECD-4251-87B3-F844C7B80068}.Release|Any CPU.ActiveCfg = Release|Any CPU
		{6BA5EFBA-0ECD-4251-87B3-F844C7B80068}.Release|Any CPU.Build.0 = Release|Any CPU
		{317991FE-BDAD-4AED-B1A3-CADA44BA36F0}.Debug|Any CPU.ActiveCfg = Debug|Any CPU
		{317991FE-BDAD-4AED-B1A3-CADA44BA36F0}.Debug|Any CPU.Build.0 = Debug|Any CPU
		{317991FE-BDAD-4AED-B1A3-CADA44BA36F0}.Release|Any CPU.ActiveCfg = Release|Any CPU
		{317991FE-BDAD-4AED-B1A3-CADA44BA36F0}.Release|Any CPU.Build.0 = Release|Any CPU
	EndGlobalSection
	GlobalSection(SolutionProperties) = preSolution
		HideSolutionNode = FALSE
	EndGlobalSection
	GlobalSection(ExtensibilityGlobals) = postSolution
		SolutionGuid = {C3EB7E57-9FDB-41F9-9605-A2A42B8E999B}
	EndGlobalSection
EndGlobal
